{
    "version": 3,
    "terraform_version": "0.11.7",
    "serial": 5,
    "lineage": "eb0b032c-11f4-7e3b-1744-e2932807b248",
    "modules": [
        {
            "path": [
                "root"
            ],
            "outputs": {
                "ip": {
                    "sensitive": false,
                    "type": "string",
                    "value": "10.0.1.254"
                }
            },
            "resources": {
                "libvirt_cloudinit.commoninit": {
                    "type": "libvirt_cloudinit",
                    "depends_on": [],
                    "primary": {
                        "id": "/var/lib/libvirt/images/commoninit.iso;5b327512-3843-6756-7934-381be33ae48d",
                        "attributes": {
                            "id": "/var/lib/libvirt/images/commoninit.iso;5b327512-3843-6756-7934-381be33ae48d",
                            "local_hostname": "dns",
                            "name": "commoninit.iso",
                            "pool": "default",
                            "ssh_authorized_key": "ssh-rsa AAAAB3NzaC1yc2EAAAADAQABAAABAQCf06WpN0rSnOuvvvPaOOba23RbKIeL1br42im14jK9/V0txMSHzmbG3S4R6p6GG8fhbXYvjZ6bqgY40WffNDuPIAONJ0Gp0re1+RkFlUz6aPCH0uPnZJtEcsqatuQCRJ0oYHfNCA94mvdIz3k0JdmaVAUZmRf7tuChcFnQqXvp9i0dOBFdXHF8vi3uFef9z3tkQGA5DPW1f1Mc1vzki6g52JBl5UiTfyTAqj7dw8jdFfMORJehG7UwSM+cAzdpWXYDhj3U3py62zba+VchACwhFyxWked53JBzO3gXKgDuDQok4G9/gHIlwtnIVxPPeurdO9WUvzW5xgOsua2wD92h fabio@note",
                            "user_data": "#cloud-config\nruncmd:\n- - yum\n  - -y\n  - update\n- - yum\n  - -y\n  - install\n  - epel-release\n  - htop\n  - vim\n  - bash_completion\n  - python\n- - yum\n  - -y\n  - groupinstall\n  - Development Tools\n- - iptables\n  - -F\n- - setenforce\n  - 0\nssh_authorized_keys:\n- ssh-rsa AAAAB3NzaC1yc2EAAAADAQABAAABAQCf06WpN0rSnOuvvvPaOOba23RbKIeL1br42im14jK9/V0txMSHzmbG3S4R6p6GG8fhbXYvjZ6bqgY40WffNDuPIAONJ0Gp0re1+RkFlUz6aPCH0uPnZJtEcsqatuQCRJ0oYHfNCA94mvdIz3k0JdmaVAUZmRf7tuChcFnQqXvp9i0dOBFdXHF8vi3uFef9z3tkQGA5DPW1f1Mc1vzki6g52JBl5UiTfyTAqj7dw8jdFfMORJehG7UwSM+cAzdpWXYDhj3U3py62zba+VchACwhFyxWked53JBzO3gXKgDuDQok4G9/gHIlwtnIVxPPeurdO9WUvzW5xgOsua2wD92h\n  fabio@note\n"
                        },
                        "meta": {},
                        "tainted": false
                    },
                    "deposed": [],
                    "provider": "provider.libvirt"
                },
                "libvirt_domain.domain-dns": {
                    "type": "libvirt_domain",
                    "depends_on": [
                        "libvirt_cloudinit.commoninit",
                        "libvirt_volume.dns-qcow2"
                    ],
                    "primary": {
                        "id": "24f0f2f1-eaa5-4d8d-b444-2e905d0ec418",
                        "attributes": {
                            "arch": "x86_64",
                            "autostart": "false",
                            "cloudinit": "/var/lib/libvirt/images/commoninit.iso;5b327512-3843-6756-7934-381be33ae48d",
                            "cmdline.#": "0",
                            "console.#": "2",
                            "console.0.source_path": "",
                            "console.0.target_port": "0",
                            "console.0.target_type": "serial",
                            "console.0.type": "pty",
                            "console.1.source_path": "",
                            "console.1.target_port": "1",
                            "console.1.target_type": "virtio",
                            "console.1.type": "pty",
                            "disk.#": "1",
                            "disk.0.file": "",
                            "disk.0.scsi": "false",
                            "disk.0.url": "",
                            "disk.0.volume_id": "/data/vms/dns-qcow2",
                            "disk.0.wwn": "",
                            "emulator": "/usr/bin/qemu-kvm",
                            "firmware": "",
                            "graphics.#": "1",
                            "graphics.0.autoport": "true",
                            "graphics.0.listen_type": "address",
                            "graphics.0.type": "spice",
                            "id": "24f0f2f1-eaa5-4d8d-b444-2e905d0ec418",
                            "initrd": "",
                            "kernel": "",
                            "machine": "pc",
                            "memory": "512",
                            "name": "DNS",
                            "network_interface.#": "1",
                            "network_interface.0.addresses.#": "1",
                            "network_interface.0.addresses.0": "10.0.1.254",
                            "network_interface.0.bridge": "",
                            "network_interface.0.hostname": "",
                            "network_interface.0.mac": "76:84:32:6B:12:0D",
                            "network_interface.0.macvtap": "",
                            "network_interface.0.network_id": "0a2da92b-acaa-459b-b035-2b6cdb08557f",
                            "network_interface.0.network_name": "vm_network",
                            "network_interface.0.passthrough": "",
                            "network_interface.0.vepa": "",
                            "network_interface.0.wait_for_lease": "false",
                            "nvram.#": "0",
                            "running": "true",
                            "vcpu": "1"
                        },
                        "meta": {
                            "e2bfb730-ecaa-11e6-8f88-34363bc7c4c0": {
                                "create": 300000000000
                            }
                        },
                        "tainted": false
                    },
                    "deposed": [],
                    "provider": "provider.libvirt"
                },
                "libvirt_network.vm_network": {
                    "type": "libvirt_network",
                    "depends_on": [],
                    "primary": {
                        "id": "0a2da92b-acaa-459b-b035-2b6cdb08557f",
                        "attributes": {
                            "addresses.#": "1",
                            "addresses.0": "10.0.1.0/24",
                            "autostart": "false",
                            "bridge": "virbr1",
                            "id": "0a2da92b-acaa-459b-b035-2b6cdb08557f",
                            "mode": "nat",
                            "name": "vm_network"
                        },
                        "meta": {},
                        "tainted": false
                    },
                    "deposed": [],
                    "provider": "provider.libvirt"
                },
                "libvirt_volume.dns-qcow2": {
                    "type": "libvirt_volume",
                    "depends_on": [],
                    "primary": {
                        "id": "/data/vms/dns-qcow2",
                        "attributes": {
                            "format": "qcow2",
                            "id": "/data/vms/dns-qcow2",
                            "name": "dns-qcow2",
                            "pool": "Vms",
                            "size": "8589934592",
                            "source": "/data/Isos/CentOS7-x86_64.qcow2"
                        },
                        "meta": {},
                        "tainted": false
                    },
                    "deposed": [],
                    "provider": "provider.libvirt"
                }
            },
            "depends_on": []
        }
    ]
}
